// !$*UTF8*$!
{
	archiveVersion = 1;
	classes = {
	};
	objectVersion = 50;
	objects = {

/* Begin PBXBuildFile section */
		D1BAA57223E09BF8007F4173 /* AppDelegate.swift in Sources */ = {isa = PBXBuildFile; fileRef = D1BAA57123E09BF8007F4173 /* AppDelegate.swift */; };
		D1BAA57423E09BF8007F4173 /* SceneDelegate.swift in Sources */ = {isa = PBXBuildFile; fileRef = D1BAA57323E09BF8007F4173 /* SceneDelegate.swift */; };
		D1BAA57623E09BF8007F4173 /* SourcesViewController.swift in Sources */ = {isa = PBXBuildFile; fileRef = D1BAA57523E09BF8007F4173 /* SourcesViewController.swift */; };
		D1BAA57923E09BF8007F4173 /* Main.storyboard in Resources */ = {isa = PBXBuildFile; fileRef = D1BAA57723E09BF8007F4173 /* Main.storyboard */; };
		D1BAA57B23E09BFC007F4173 /* Assets.xcassets in Resources */ = {isa = PBXBuildFile; fileRef = D1BAA57A23E09BFC007F4173 /* Assets.xcassets */; };
		D1BAA57E23E09BFC007F4173 /* LaunchScreen.storyboard in Resources */ = {isa = PBXBuildFile; fileRef = D1BAA57C23E09BFC007F4173 /* LaunchScreen.storyboard */; };
		D1BAA58623E09F97007F4173 /* SwiftyJSON.swift in Sources */ = {isa = PBXBuildFile; fileRef = D1BAA58523E09F97007F4173 /* SwiftyJSON.swift */; };
		D1E04B5723E48E5100DF0930 /* ArticlesViewController.swift in Sources */ = {isa = PBXBuildFile; fileRef = D1E04B5623E48E5100DF0930 /* ArticlesViewController.swift */; };
/* End PBXBuildFile section */

/* Begin PBXFileReference section */
		D1BAA56E23E09BF8007F4173 /* top stories.app */ = {isa = PBXFileReference; explicitFileType = wrapper.application; includeInIndex = 0; path = "top stories.app"; sourceTree = BUILT_PRODUCTS_DIR; };
		D1BAA57123E09BF8007F4173 /* AppDelegate.swift */ = {isa = PBXFileReference; lastKnownFileType = sourcecode.swift; path = AppDelegate.swift; sourceTree = "<group>"; };
		D1BAA57323E09BF8007F4173 /* SceneDelegate.swift */ = {isa = PBXFileReference; lastKnownFileType = sourcecode.swift; path = SceneDelegate.swift; sourceTree = "<group>"; };
		D1BAA57523E09BF8007F4173 /* SourcesViewController.swift */ = {isa = PBXFileReference; lastKnownFileType = sourcecode.swift; path = SourcesViewController.swift; sourceTree = "<group>"; };
		D1BAA57823E09BF8007F4173 /* Base */ = {isa = PBXFileReference; lastKnownFileType = file.storyboard; name = Base; path = Base.lproj/Main.storyboard; sourceTree = "<group>"; };
		D1BAA57A23E09BFC007F4173 /* Assets.xcassets */ = {isa = PBXFileReference; lastKnownFileType = folder.assetcatalog; path = Assets.xcassets; sourceTree = "<group>"; };
		D1BAA57D23E09BFC007F4173 /* Base */ = {isa = PBXFileReference; lastKnownFileType = file.storyboard; name = Base; path = Base.lproj/LaunchScreen.storyboard; sourceTree = "<group>"; };
		D1BAA57F23E09BFC007F4173 /* Info.plist */ = {isa = PBXFileReference; lastKnownFileType = text.plist.xml; path = Info.plist; sourceTree = "<group>"; };
		D1BAA58523E09F97007F4173 /* SwiftyJSON.swift */ = {isa = PBXFileReference; fileEncoding = 4; lastKnownFileType = sourcecode.swift; path = SwiftyJSON.swift; sourceTree = "<group>"; };
		D1E04B5623E48E5100DF0930 /* ArticlesViewController.swift */ = {isa = PBXFileReference; lastKnownFileType = sourcecode.swift; path = ArticlesViewController.swift; sourceTree = "<group>"; };
/* End PBXFileReference section */

/* Begin PBXFrameworksBuildPhase section */
		D1BAA56B23E09BF7007F4173 /* Frameworks */ = {
			isa = PBXFrameworksBuildPhase;
			buildActionMask = 2147483647;
			files = (
			);
			runOnlyForDeploymentPostprocessing = 0;
		};
/* End PBXFrameworksBuildPhase section */

/* Begin PBXGroup section */
		D1BAA56523E09BF7007F4173 = {
			isa = PBXGroup;
			children = (
				D1BAA57023E09BF8007F4173 /* top stories */,
				D1BAA56F23E09BF8007F4173 /* Products */,
			);
			sourceTree = "<group>";
		};
		D1BAA56F23E09BF8007F4173 /* Products */ = {
			isa = PBXGroup;
			children = (
				D1BAA56E23E09BF8007F4173 /* top stories.app */,
			);
			name = Products;
			sourceTree = "<group>";
		};
		D1BAA57023E09BF8007F4173 /* top stories */ = {
			isa = PBXGroup;
			children = (
				D1BAA57123E09BF8007F4173 /* AppDelegate.swift */,
				D1BAA57323E09BF8007F4173 /* SceneDelegate.swift */,
				D1BAA57523E09BF8007F4173 /* SourcesViewController.swift */,
				D1E04B5623E48E5100DF0930 /* ArticlesViewController.swift */,
				D1BAA57723E09BF8007F4173 /* Main.storyboard */,
				D1BAA57A23E09BFC007F4173 /* Assets.xcassets */,
				D1BAA57C23E09BFC007F4173 /* LaunchScreen.storyboard */,
				D1BAA57F23E09BFC007F4173 /* Info.plist */,
				D1BAA58523E09F97007F4173 /* SwiftyJSON.swift */,
			);
			path = "top stories";
			sourceTree = "<group>";
		};
/* End PBXGroup section */

/* Begin PBXNativeTarget section */
		D1BAA56D23E09BF7007F4173 /* top stories */ = {
			isa = PBXNativeTarget;
			buildConfigurationList = D1BAA58223E09BFC007F4173 /* Build configuration list for PBXNativeTarget "top stories" */;
			buildPhases = (
				D1BAA56A23E09BF7007F4173 /* Sources */,
				D1BAA56B23E09BF7007F4173 /* Frameworks */,
				D1BAA56C23E09BF7007F4173 /* Resources */,
			);
			buildRules = (
			);
			dependencies = (
			);
			name = "top stories";
			productName = "top stories";
			productReference = D1BAA56E23E09BF8007F4173 /* top stories.app */;
			productType = "com.apple.product-type.application";
		};
/* End PBXNativeTarget section */

/* Begin PBXProject section */
		D1BAA56623E09BF7007F4173 /* Project object */ = {
			isa = PBXProject;
			attributes = {
				LastSwiftUpdateCheck = 1120;
				LastUpgradeCheck = 1120;
				ORGANIZATIONNAME = "Riley Bowling";
				TargetAttributes = {
					D1BAA56D23E09BF7007F4173 = {
						CreatedOnToolsVersion = 11.2.1;
					};
				};
			};
			buildConfigurationList = D1BAA56923E09BF7007F4173 /* Build configuration list for PBXProject "top stories" */;
			compatibilityVersion = "Xcode 9.3";
			developmentRegion = en;
			hasScannedForEncodings = 0;
			knownRegions = (
				en,
				Base,
			);
			mainGroup = D1BAA56523E09BF7007F4173;
			productRefGroup = D1BAA56F23E09BF8007F4173 /* Products */;
			projectDirPath = "";
			projectRoot = "";
			targets = (
				D1BAA56D23E09BF7007F4173 /* top stories */,
			);
		};
/* End PBXProject section */

/* Begin PBXResourcesBuildPhase section */
		D1BAA56C23E09BF7007F4173 /* Resources */ = {
			isa = PBXResourcesBuildPhase;
			buildActionMask = 2147483647;
			files = (
				D1BAA57E23E09BFC007F4173 /* LaunchScreen.storyboard in Resources */,
				D1BAA57B23E09BFC007F4173 /* Assets.xcassets in Resources */,
				D1BAA57923E09BF8007F4173 /* Main.storyboard in Resources */,
			);
			runOnlyForDeploymentPostprocessing = 0;
		};
/* End PBXResourcesBuildPhase section */

/* Begin PBXSourcesBuildPhase section */
		D1BAA56A23E09BF7007F4173 /* Sources */ = {
			isa = PBXSourcesBuildPhase;
			buildActionMask = 2147483647;
			files = (
				D1BAA57623E09BF8007F4173 /* SourcesViewController.swift in Sources */,
				D1BAA57223E09BF8007F4173 /* AppDelegate.swift in Sources */,
				D1BAA57423E09BF8007F4173 /* SceneDelegate.swift in Sources */,
				D1BAA58623E09F97007F4173 /* SwiftyJSON.swift in Sources */,
				D1E04B5723E48E5100DF0930 /* ArticlesViewController.swift in Sources */,
			);
			runOnlyForDeploymentPostprocessing = 0;
		};
/* End PBXSourcesBuildPhase section */

/* Begin PBXVariantGroup section */
		D1BAA57723E09BF8007F4173 /* Main.storyboard */ = {
			isa = PBXVariantGroup;
			children = (
				D1BAA57823E09BF8007F4173 /* Base */,
			);
			name = Main.storyboard;
			sourceTree = "<group>";
		};
		D1BAA57C23E09BFC007F4173 /* LaunchScreen.storyboard */ = {
			isa = PBXVariantGroup;
			children = (
				D1BAA57D23E09BFC007F4173 /* Base */,
			);
			name = LaunchScreen.storyboard;
			sourceTree = "<group>";
		};
/* End PBXVariantGroup section */

/* Begin XCBuildConfiguration section */
		D1BAA58023E09BFC007F4173 /* Debug */ = {
			isa = XCBuildConfiguration;
			buildSettings = {
				ALWAYS_SEARCH_USER_PATHS = NO;
				CLANG_ANALYZER_NONNULL = YES;
				CLANG_ANALYZER_NUMBER_OBJECT_CONVERSION = YES_AGGRESSIVE;
				CLANG_CXX_LANGUAGE_STANDARD = "gnu++14";
				CLANG_CXX_LIBRARY = "libc++";
				CLANG_ENABLE_MODULES = YES;
				CLANG_ENABLE_OBJC_ARC = YES;
				CLANG_ENABLE_OBJC_WEAK = YES;
				CLANG_WARN_BLOCK_CAPTURE_AUTORELEASING = YES;
				CLANG_WARN_BOOL_CONVERSION = YES;
				CLANG_WARN_COMMA = YES;
				CLANG_WARN_CONSTANT_CONVERSION = YES;
				CLANG_WARN_DEPRECATED_OBJC_IMPLEMENTATIONS = YES;
				CLANG_WARN_DIRECT_OBJC_ISA_USAGE = YES_ERROR;
				CLANG_WARN_DOCUMENTATION_COMMENTS = YES;
				CLANG_WARN_EMPTY_BODY = YES;
				CLANG_WARN_ENUM_CONVERSION = YES;
				CLANG_WARN_INFINITE_RECURSION = YES;
				CLANG_WARN_INT_CONVERSION = YES;
				CLANG_WARN_NON_LITERAL_NULL_CONVERSION = YES;
				CLANG_WARN_OBJC_IMPLICIT_RETAIN_SELF = YES;
				CLANG_WARN_OBJC_LITERAL_CONVERSION = YES;
				CLANG_WARN_OBJC_ROOT_CLASS = YES_ERROR;
				CLANG_WARN_RANGE_LOOP_ANALYSIS = YES;
				CLANG_WARN_STRICT_PROTOTYPES = YES;
				CLANG_WARN_SUSPICIOUS_MOVE = YES;
				CLANG_WARN_UNGUARDED_AVAILABILITY = YES_AGGRESSIVE;
				CLANG_WARN_UNREACHABLE_CODE = YES;
				CLANG_WARN__DUPLICATE_METHOD_MATCH = YES;
				COPY_PHASE_STRIP = NO;
				DEBUG_INFORMATION_FORMAT = dwarf;
				ENABLE_STRICT_OBJC_MSGSEND = YES;
				ENABLE_TESTABILITY = YES;
				GCC_C_LANGUAGE_STANDARD = gnu11;
				GCC_DYNAMIC_NO_PIC = NO;
				GCC_NO_COMMON_BLOCKS = YES;
				GCC_OPTIMIZATION_LEVEL = 0;
				GCC_PREPROCESSOR_DEFINITIONS = (
					"DEBUG=1",
					"$(inherited)",
				);
				GCC_WARN_64_TO_32_BIT_CONVERSION = YES;
				GCC_WARN_ABOUT_RETURN_TYPE = YES_ERROR;
				GCC_WARN_UNDECLARED_SELECTOR = YES;
				GCC_WARN_UNINITIALIZED_AUTOS = YES_AGGRESSIVE;
				GCC_WARN_UNUSED_FUNCTION = YES;
				GCC_WARN_UNUSED_VARIABLE = YES;
				IPHONEOS_DEPLOYMENT_TARGET = 13.2;
				MTL_ENABLE_DEBUG_INFO = INCLUDE_SOURCE;
				MTL_FAST_MATH = YES;
				ONLY_ACTIVE_ARCH = YES;
				SDKROOT = iphoneos;
				SWIFT_ACTIVE_COMPILATION_CONDITIONS = DEBUG;
				SWIFT_OPTIMIZATION_LEVEL = "-Onone";
			};
			name = Debug;
		};
		D1BAA58123E09BFC007F4173 /* Release */ = {
			isa = XCBuildConfiguration;
			buildSettings = {
				ALWAYS_SEARCH_USER_PATHS = NO;
				CLANG_ANALYZER_NONNULL = YES;
				CLANG_ANALYZER_NUMBER_OBJECT_CONVERSION = YES_AGGRESSIVE;
				CLANG_CXX_LANGUAGE_STANDARD = "gnu++14";
				CLANG_CXX_LIBRARY = "libc++";
				CLANG_ENABLE_MODULES = YES;
				CLANG_ENABLE_OBJC_ARC = YES;
				CLANG_ENABLE_OBJC_WEAK = YES;
				CLANG_WARN_BLOCK_CAPTURE_AUTORELEASING = YES;
				CLANG_WARN_BOOL_CONVERSION = YES;
				CLANG_WARN_COMMA = YES;
				CLANG_WARN_CONSTANT_CONVERSION = YES;
				CLANG_WARN_DEPRECATED_OBJC_IMPLEMENTATIONS = YES;
				CLANG_WARN_DIRECT_OBJC_ISA_USAGE = YES_ERROR;
				CLANG_WARN_DOCUMENTATION_COMMENTS = YES;
				CLANG_WARN_EMPTY_BODY = YES;
				CLANG_WARN_ENUM_CONVERSION = YES;
				CLANG_WARN_INFINITE_RECURSION = YES;
				CLANG_WARN_INT_CONVERSION = YES;
				CLANG_WARN_NON_LITERAL_NULL_CONVERSION = YES;
				CLANG_WARN_OBJC_IMPLICIT_RETAIN_SELF = YES;
				CLANG_WARN_OBJC_LITERAL_CONVERSION = YES;
				CLANG_WARN_OBJC_ROOT_CLASS = YES_ERROR;
				CLANG_WARN_RANGE_LOOP_ANALYSIS = YES;
				CLANG_WARN_STRICT_PROTOTYPES = YES;
				CLANG_WARN_SUSPICIOUS_MOVE = YES;
				CLANG_WARN_UNGUARDED_AVAILABILITY = YES_AGGRESSIVE;
				CLANG_WARN_UNREACHABLE_CODE = YES;
				CLANG_WARN__DUPLICATE_METHOD_MATCH = YES;
				COPY_PHASE_STRIP = NO;
				DEBUG_INFORMATION_FORMAT = "dwarf-with-dsym";
				ENABLE_NS_ASSERTIONS = NO;
				ENABLE_STRICT_OBJC_MSGSEND = YES;
				GCC_C_LANGUAGE_STANDARD = gnu11;
				GCC_NO_COMMON_BLOCKS = YES;
				GCC_WARN_64_TO_32_BIT_CONVERSION = YES;
				GCC_WARN_ABOUT_RETURN_TYPE = YES_ERROR;
				GCC_WARN_UNDECLARED_SELECTOR = YES;
				GCC_WARN_UNINITIALIZED_AUTOS = YES_AGGRESSIVE;
				GCC_WARN_UNUSED_FUNCTION = YES;
				GCC_WARN_UNUSED_VARIABLE = YES;
				IPHONEOS_DEPLOYMENT_TARGET = 13.2;
				MTL_ENABLE_DEBUG_INFO = NO;
				MTL_FAST_MATH = YES;
				SDKROOT = iphoneos;
				SWIFT_COMPILATION_MODE = wholemodule;
				SWIFT_OPTIMIZATION_LEVEL = "-O";
				VALIDATE_PRODUCT = YES;
			};
			name = Release;
		};
		D1BAA58323E09BFC007F4173 /* Debug */ = {
			isa = XCBuildConfiguration;
			buildSettings = {
				ASSETCATALOG_COMPILER_APPICON_NAME = AppIcon;
				CODE_SIGN_STYLE = Automatic;
				DEVELOPMENT_TEAM = 24U6N8AQH8;
				INFOPLIST_FILE = "top stories/Info.plist";
				LD_RUNPATH_SEARCH_PATHS = (
					"$(inherited)",
					"@executable_path/Frameworks",
				);
				PRODUCT_BUNDLE_IDENTIFIER = "rileybowling.top-stories";
				PRODUCT_NAME = "$(TARGET_NAME)";
				SWIFT_VERSION = 5.0;
				TARGETED_DEVICE_FAMILY = "1,2";
			};
			name = Debug;
		};
		D1BAA58423E09BFC007F4173 /* Release */ = {
			isa = XCBuildConfiguration;
			buildSettings = {
				ASSETCATALOG_COMPILER_APPICON_NAME = AppIcon;
				CODE_SIGN_STYLE = Automatic;
				DEVELOPMENT_TEAM = 24U6N8AQH8;
				INFOPLIST_FILE = "top stories/Info.plist";
				LD_RUNPATH_SEARCH_PATHS = (
					"$(inherited)",
					"@executable_path/Frameworks",
				);
				PRODUCT_BUNDLE_IDENTIFIER = "rileybowling.top-stories";
				PRODUCT_NAME = "$(TARGET_NAME)";
				SWIFT_VERSION = 5.0;
				TARGETED_DEVICE_FAMILY = "1,2";
			};
			name = Release;
		};
/* End XCBuildConfiguration section */

/* Begin XCConfigurationList section */
		D1BAA56923E09BF7007F4173 /* Build configuration list for PBXProject "top stories" */ = {
			isa = XCConfigurationList;
			buildConfigurations = (
				D1BAA58023E09BFC007F4173 /* Debug */,
				D1BAA58123E09BFC007F4173 /* Release */,
			);
			defaultConfigurationIsVisible = 0;
			defaultConfigurationName = Release;
		};
		D1BAA58223E09BFC007F4173 /* Build configuration list for PBXNativeTarget "top stories" */ = {
			isa = XCConfigurationList;
			buildConfigurations = (
				D1BAA58323E09BFC007F4173 /* Debug */,
				D1BAA58423E09BFC007F4173 /* Release */,
			);
			defaultConfigurationIsVisible = 0;
			defaultConfigurationName = Release;
		};
/* End XCConfigurationList section */
	};
	rootObject = D1BAA56623E09BF7007F4173 /* Project object */;
}
